
Microsoft Visual Studio Solution File, Format Version 12.00
# Visual Studio Version 16
VisualStudioVersion = 16.0.31019.35
MinimumVisualStudioVersion = 10.0.40219.1
Project("{FAE04EC0-301F-11D3-BF4B-00C04F79EFBC}") = "EersteProjectGitHub", "EersteProjectGitHub.csproj", "{5230E9AD-35E4-4458-88CF-2D969240194F}"
EndProject
Global
	GlobalSection(SolutionConfigurationPlatforms) = preSolution
		Debug|Any CPU = Debug|Any CPU
		Release|Any CPU = Release|Any CPU
	EndGlobalSection
	GlobalSection(ProjectConfigurationPlatforms) = postSolution
		{5230E9AD-35E4-4458-88CF-2D969240194F}.Debug|Any CPU.ActiveCfg = Debug|Any CPU
		{5230E9AD-35E4-4458-88CF-2D969240194F}.Debug|Any CPU.Build.0 = Debug|Any CPU
		{5230E9AD-35E4-4458-88CF-2D969240194F}.Release|Any CPU.ActiveCfg = Release|Any CPU
		{5230E9AD-35E4-4458-88CF-2D969240194F}.Release|Any CPU.Build.0 = Release|Any CPU
	EndGlobalSection
	GlobalSection(SolutionProperties) = preSolution
		HideSolutionNode = FALSE
	EndGlobalSection
	GlobalSection(ExtensibilityGlobals) = postSolution
		SolutionGuid = {4931E6C8-8EAE-4B2C-A47F-816DF5E3ACFE}
	EndGlobalSection
EndGlobal
